
Microsoft Visual Studio Solution File, Format Version 12.00
# Visual Studio Version 16
VisualStudioVersion = 16.0.30011.22
MinimumVisualStudioVersion = 10.0.40219.1
Project("{9A19103F-16F7-4668-BE54-9A1E7A4F7556}") = "CloveceTest", "CloveceTest\CloveceTest.csproj", "{A29C0D9A-E680-4C28-BD2A-4A439022B5E4}"
EndProject
Project("{FAE04EC0-301F-11D3-BF4B-00C04F79EFBC}") = "CloveceHra", "CloveceHra\CloveceHra.csproj", "{8B05A48B-ED64-4C93-BACB-34913623CB88}"
EndProject
Project("{FAE04EC0-301F-11D3-BF4B-00C04F79EFBC}") = "CloveceWeb", "CloveceWeb\CloveceWeb.csproj", "{899A15A8-9200-43AB-8C89-F83DBEE5DA63}"
EndProject
Global
	GlobalSection(SolutionConfigurationPlatforms) = preSolution
		Debug|Any CPU = Debug|Any CPU
		Release|Any CPU = Release|Any CPU
	EndGlobalSection
	GlobalSection(ProjectConfigurationPlatforms) = postSolution
		{A29C0D9A-E680-4C28-BD2A-4A439022B5E4}.Debug|Any CPU.ActiveCfg = Debug|Any CPU
		{A29C0D9A-E680-4C28-BD2A-4A439022B5E4}.Debug|Any CPU.Build.0 = Debug|Any CPU
		{A29C0D9A-E680-4C28-BD2A-4A439022B5E4}.Release|Any CPU.ActiveCfg = Release|Any CPU
		{A29C0D9A-E680-4C28-BD2A-4A439022B5E4}.Release|Any CPU.Build.0 = Release|Any CPU
		{8B05A48B-ED64-4C93-BACB-34913623CB88}.Debug|Any CPU.ActiveCfg = Debug|Any CPU
		{8B05A48B-ED64-4C93-BACB-34913623CB88}.Debug|Any CPU.Build.0 = Debug|Any CPU
		{8B05A48B-ED64-4C93-BACB-34913623CB88}.Release|Any CPU.ActiveCfg = Release|Any CPU
		{8B05A48B-ED64-4C93-BACB-34913623CB88}.Release|Any CPU.Build.0 = Release|Any CPU
		{899A15A8-9200-43AB-8C89-F83DBEE5DA63}.Debug|Any CPU.ActiveCfg = Debug|Any CPU
		{899A15A8-9200-43AB-8C89-F83DBEE5DA63}.Debug|Any CPU.Build.0 = Debug|Any CPU
		{899A15A8-9200-43AB-8C89-F83DBEE5DA63}.Release|Any CPU.ActiveCfg = Release|Any CPU
		{899A15A8-9200-43AB-8C89-F83DBEE5DA63}.Release|Any CPU.Build.0 = Release|Any CPU
	EndGlobalSection
	GlobalSection(SolutionProperties) = preSolution
		HideSolutionNode = FALSE
	EndGlobalSection
	GlobalSection(ExtensibilityGlobals) = postSolution
		SolutionGuid = {4F237DD2-88EC-4C2C-AD3A-7D84E1FA0E6C}
	EndGlobalSection
EndGlobal
